{
  "name": "demo-web-ordering-form",
  "lockfileVersion": 2,
  "requires": true,
  "packages": {
    "": {
      "dependencies": {
        "pos": "file:../../libs/pos"
      }
    },
    "../../libs/pos": {
      "version": "1.0.0",
      "license": "ISC",
      "dependencies": {
        "stripe": "^8.199.0"
      },
      "devDependencies": {}
    },
    "node_modules/pos": {
      "resolved": "../../libs/pos",
      "link": true
    }
  },
  "dependencies": {
    "pos": {
      "version": "file:../../libs/pos",
      "requires": {
        "stripe": "^8.199.0"
      }
    }
  }
}
